
Microsoft Visual Studio Solution File, Format Version 12.00
Project("{FAE04EC0-301F-11D3-BF4B-00C04F79EFBC}") = "TheGatheringConsole", "TheGatheringConsole\TheGatheringConsole.csproj", "{BA75B39B-F264-4658-8F05-2D2DAF8CE935}"
EndProject
Global
	GlobalSection(SolutionConfigurationPlatforms) = preSolution
		Debug|Any CPU = Debug|Any CPU
		Release|Any CPU = Release|Any CPU
	EndGlobalSection
	GlobalSection(ProjectConfigurationPlatforms) = postSolution
		{BA75B39B-F264-4658-8F05-2D2DAF8CE935}.Debug|Any CPU.ActiveCfg = Debug|Any CPU
		{BA75B39B-F264-4658-8F05-2D2DAF8CE935}.Debug|Any CPU.Build.0 = Debug|Any CPU
		{BA75B39B-F264-4658-8F05-2D2DAF8CE935}.Release|Any CPU.ActiveCfg = Release|Any CPU
		{BA75B39B-F264-4658-8F05-2D2DAF8CE935}.Release|Any CPU.Build.0 = Release|Any CPU
	EndGlobalSection
EndGlobal
